
Microsoft Visual Studio Solution File, Format Version 12.00
# Visual Studio Version 16
VisualStudioVersion = 16.0.30611.23
MinimumVisualStudioVersion = 10.0.40219.1
Project("{2150E333-8FDC-42A3-9474-1A3956D46DE8}") = "src", "src", "{72717539-03FF-4C02-8CDB-62471A0484AB}"
EndProject
Project("{2150E333-8FDC-42A3-9474-1A3956D46DE8}") = "API", "API", "{C49E7BE9-A252-41A5-BA48-065FB1F45763}"
EndProject
Project("{2150E333-8FDC-42A3-9474-1A3956D46DE8}") = "Core", "Core", "{AC4B0661-60A2-4486-BB95-4E8ECE77C007}"
EndProject
Project("{2150E333-8FDC-42A3-9474-1A3956D46DE8}") = "Infrastructure", "Infrastructure", "{14779B88-A5ED-49D8-A8DE-8D846D95ABD8}"
EndProject
Project("{2150E333-8FDC-42A3-9474-1A3956D46DE8}") = "test", "test", "{53537ADB-1312-4583-BF8F-205754053859}"
EndProject
Project("{9A19103F-16F7-4668-BE54-9A1E7A4F7556}") = "JSC_LMS.Api", "src\API\JSC_LMS.Api\JSC_LMS.Api.csproj", "{14B54AAE-8CED-496B-8EA6-6C58C6C448DB}"
EndProject
Project("{9A19103F-16F7-4668-BE54-9A1E7A4F7556}") = "JSC_LMS.Application", "src\Core\JSC_LMS.Application\JSC_LMS.Application.csproj", "{60DA08C6-0F23-48CD-9432-9AED5FF4F320}"
EndProject
Project("{9A19103F-16F7-4668-BE54-9A1E7A4F7556}") = "JSC_LMS.Domain", "src\Core\JSC_LMS.Domain\JSC_LMS.Domain.csproj", "{2CAE8236-72DE-403E-B8C5-F1DC75246566}"
EndProject
Project("{9A19103F-16F7-4668-BE54-9A1E7A4F7556}") = "JSC_LMS.Identity", "src\Infrastructure\JSC_LMS.Identity\JSC_LMS.Identity.csproj", "{4BBDCFB2-993E-4F3D-900F-E01F4211144B}"
EndProject
Project("{9A19103F-16F7-4668-BE54-9A1E7A4F7556}") = "JSC_LMS.Infrastructure", "src\Infrastructure\JSC_LMS.Infrastructure\JSC_LMS.Infrastructure.csproj", "{FDFA963A-883F-431B-906F-E1159C3631E8}"
EndProject
Project("{9A19103F-16F7-4668-BE54-9A1E7A4F7556}") = "JSC_LMS.Persistence", "src\Infrastructure\JSC_LMS.Persistence\JSC_LMS.Persistence.csproj", "{1434AAB4-4AE4-4095-A045-B2AA34956AAC}"
EndProject
Project("{9A19103F-16F7-4668-BE54-9A1E7A4F7556}") = "JSC_LMS.API.IntegrationTests", "test\JSC_LMS.API.IntegrationTests\JSC_LMS.API.IntegrationTests.csproj", "{38E8A559-B972-48FA-9576-8FDAC2588196}"
EndProject
Project("{9A19103F-16F7-4668-BE54-9A1E7A4F7556}") = "JSC_LMS.Application.UnitTests", "test\JSC_LMS.Application.UnitTests\JSC_LMS.Application.UnitTests.csproj", "{670992E8-EA05-4304-AE90-30A4096861AA}"
EndProject
Project("{9A19103F-16F7-4668-BE54-9A1E7A4F7556}") = "JSC_LMS.Persistence.IntegrationTests", "test\JSC_LMS.Persistence.IntegrationTests\JSC_LMS.Persistence.IntegrationTests.csproj", "{084395AC-5A43-4468-B7C1-8CE0321F445B}"
EndProject
Project("{2150E333-8FDC-42A3-9474-1A3956D46DE8}") = "UI", "UI", "{06C3C962-0ACC-44EE-9855-FC8ADD981C9B}"
EndProject
Project("{FAE04EC0-301F-11D3-BF4B-00C04F79EFBC}") = "JSC_LSM.UI", "src\UI\JSC_LSM.UI\JSC_LSM.UI.csproj", "{10BCC6C1-C45B-47C0-9DEA-CA4408D7CED5}"
EndProject
Global
	GlobalSection(SolutionConfigurationPlatforms) = preSolution
		Debug|Any CPU = Debug|Any CPU
		Release|Any CPU = Release|Any CPU
	EndGlobalSection
	GlobalSection(ProjectConfigurationPlatforms) = postSolution
		{14B54AAE-8CED-496B-8EA6-6C58C6C448DB}.Debug|Any CPU.ActiveCfg = Debug|Any CPU
		{14B54AAE-8CED-496B-8EA6-6C58C6C448DB}.Debug|Any CPU.Build.0 = Debug|Any CPU
		{14B54AAE-8CED-496B-8EA6-6C58C6C448DB}.Release|Any CPU.ActiveCfg = Release|Any CPU
		{14B54AAE-8CED-496B-8EA6-6C58C6C448DB}.Release|Any CPU.Build.0 = Release|Any CPU
		{60DA08C6-0F23-48CD-9432-9AED5FF4F320}.Debug|Any CPU.ActiveCfg = Debug|Any CPU
		{60DA08C6-0F23-48CD-9432-9AED5FF4F320}.Debug|Any CPU.Build.0 = Debug|Any CPU
		{60DA08C6-0F23-48CD-9432-9AED5FF4F320}.Release|Any CPU.ActiveCfg = Release|Any CPU
		{60DA08C6-0F23-48CD-9432-9AED5FF4F320}.Release|Any CPU.Build.0 = Release|Any CPU
		{2CAE8236-72DE-403E-B8C5-F1DC75246566}.Debug|Any CPU.ActiveCfg = Debug|Any CPU
		{2CAE8236-72DE-403E-B8C5-F1DC75246566}.Debug|Any CPU.Build.0 = Debug|Any CPU
		{2CAE8236-72DE-403E-B8C5-F1DC75246566}.Release|Any CPU.ActiveCfg = Release|Any CPU
		{2CAE8236-72DE-403E-B8C5-F1DC75246566}.Release|Any CPU.Build.0 = Release|Any CPU
		{4BBDCFB2-993E-4F3D-900F-E01F4211144B}.Debug|Any CPU.ActiveCfg = Debug|Any CPU
		{4BBDCFB2-993E-4F3D-900F-E01F4211144B}.Debug|Any CPU.Build.0 = Debug|Any CPU
		{4BBDCFB2-993E-4F3D-900F-E01F4211144B}.Release|Any CPU.ActiveCfg = Release|Any CPU
		{4BBDCFB2-993E-4F3D-900F-E01F4211144B}.Release|Any CPU.Build.0 = Release|Any CPU
		{FDFA963A-883F-431B-906F-E1159C3631E8}.Debug|Any CPU.ActiveCfg = Debug|Any CPU
		{FDFA963A-883F-431B-906F-E1159C3631E8}.Debug|Any CPU.Build.0 = Debug|Any CPU
		{FDFA963A-883F-431B-906F-E1159C3631E8}.Release|Any CPU.ActiveCfg = Release|Any CPU
		{FDFA963A-883F-431B-906F-E1159C3631E8}.Release|Any CPU.Build.0 = Release|Any CPU
		{1434AAB4-4AE4-4095-A045-B2AA34956AAC}.Debug|Any CPU.ActiveCfg = Debug|Any CPU
		{1434AAB4-4AE4-4095-A045-B2AA34956AAC}.Debug|Any CPU.Build.0 = Debug|Any CPU
		{1434AAB4-4AE4-4095-A045-B2AA34956AAC}.Release|Any CPU.ActiveCfg = Release|Any CPU
		{1434AAB4-4AE4-4095-A045-B2AA34956AAC}.Release|Any CPU.Build.0 = Release|Any CPU
		{38E8A559-B972-48FA-9576-8FDAC2588196}.Debug|Any CPU.ActiveCfg = Debug|Any CPU
		{38E8A559-B972-48FA-9576-8FDAC2588196}.Debug|Any CPU.Build.0 = Debug|Any CPU
		{38E8A559-B972-48FA-9576-8FDAC2588196}.Release|Any CPU.ActiveCfg = Release|Any CPU
		{38E8A559-B972-48FA-9576-8FDAC2588196}.Release|Any CPU.Build.0 = Release|Any CPU
		{670992E8-EA05-4304-AE90-30A4096861AA}.Debug|Any CPU.ActiveCfg = Debug|Any CPU
		{670992E8-EA05-4304-AE90-30A4096861AA}.Debug|Any CPU.Build.0 = Debug|Any CPU
		{670992E8-EA05-4304-AE90-30A4096861AA}.Release|Any CPU.ActiveCfg = Release|Any CPU
		{670992E8-EA05-4304-AE90-30A4096861AA}.Release|Any CPU.Build.0 = Release|Any CPU
		{084395AC-5A43-4468-B7C1-8CE0321F445B}.Debug|Any CPU.ActiveCfg = Debug|Any CPU
		{084395AC-5A43-4468-B7C1-8CE0321F445B}.Debug|Any CPU.Build.0 = Debug|Any CPU
		{084395AC-5A43-4468-B7C1-8CE0321F445B}.Release|Any CPU.ActiveCfg = Release|Any CPU
		{084395AC-5A43-4468-B7C1-8CE0321F445B}.Release|Any CPU.Build.0 = Release|Any CPU
		{10BCC6C1-C45B-47C0-9DEA-CA4408D7CED5}.Debug|Any CPU.ActiveCfg = Debug|Any CPU
		{10BCC6C1-C45B-47C0-9DEA-CA4408D7CED5}.Debug|Any CPU.Build.0 = Debug|Any CPU
		{10BCC6C1-C45B-47C0-9DEA-CA4408D7CED5}.Release|Any CPU.ActiveCfg = Release|Any CPU
		{10BCC6C1-C45B-47C0-9DEA-CA4408D7CED5}.Release|Any CPU.Build.0 = Release|Any CPU
	EndGlobalSection
	GlobalSection(SolutionProperties) = preSolution
		HideSolutionNode = FALSE
	EndGlobalSection
	GlobalSection(NestedProjects) = preSolution
		{C49E7BE9-A252-41A5-BA48-065FB1F45763} = {72717539-03FF-4C02-8CDB-62471A0484AB}
		{AC4B0661-60A2-4486-BB95-4E8ECE77C007} = {72717539-03FF-4C02-8CDB-62471A0484AB}
		{14779B88-A5ED-49D8-A8DE-8D846D95ABD8} = {72717539-03FF-4C02-8CDB-62471A0484AB}
		{14B54AAE-8CED-496B-8EA6-6C58C6C448DB} = {C49E7BE9-A252-41A5-BA48-065FB1F45763}
		{60DA08C6-0F23-48CD-9432-9AED5FF4F320} = {AC4B0661-60A2-4486-BB95-4E8ECE77C007}
		{2CAE8236-72DE-403E-B8C5-F1DC75246566} = {AC4B0661-60A2-4486-BB95-4E8ECE77C007}
		{4BBDCFB2-993E-4F3D-900F-E01F4211144B} = {14779B88-A5ED-49D8-A8DE-8D846D95ABD8}
		{FDFA963A-883F-431B-906F-E1159C3631E8} = {14779B88-A5ED-49D8-A8DE-8D846D95ABD8}
		{1434AAB4-4AE4-4095-A045-B2AA34956AAC} = {14779B88-A5ED-49D8-A8DE-8D846D95ABD8}
		{38E8A559-B972-48FA-9576-8FDAC2588196} = {53537ADB-1312-4583-BF8F-205754053859}
		{670992E8-EA05-4304-AE90-30A4096861AA} = {53537ADB-1312-4583-BF8F-205754053859}
		{084395AC-5A43-4468-B7C1-8CE0321F445B} = {53537ADB-1312-4583-BF8F-205754053859}
		{06C3C962-0ACC-44EE-9855-FC8ADD981C9B} = {72717539-03FF-4C02-8CDB-62471A0484AB}
		{10BCC6C1-C45B-47C0-9DEA-CA4408D7CED5} = {06C3C962-0ACC-44EE-9855-FC8ADD981C9B}
	EndGlobalSection
	GlobalSection(ExtensibilityGlobals) = postSolution
		SolutionGuid = {30819535-D322-4A4C-B6BF-9267991C1A17}
	EndGlobalSection
EndGlobal
